// !$*UTF8*$!
{
	archiveVersion = 1;
	classes = {
	};
	objectVersion = 56;
	objects = {

/* Begin PBXBuildFile section */
		0D309A452A8AFF14006076F1 /* MovieMania_Helper.swift in Sources */ = {isa = PBXBuildFile; fileRef = 0D309A442A8AFF14006076F1 /* MovieMania_Helper.swift */; };
		0D309A472A8B092B006076F1 /* MovieModel.swift in Sources */ = {isa = PBXBuildFile; fileRef = 0D309A462A8B092B006076F1 /* MovieModel.swift */; };
		0D44A1642A8C5E5C00AE7072 /* FavouritesTableViewController.swift in Sources */ = {isa = PBXBuildFile; fileRef = 0D44A1632A8C5E5C00AE7072 /* FavouritesTableViewController.swift */; };
		0D44A1662A8C699900AE7072 /* FavMovie.swift in Sources */ = {isa = PBXBuildFile; fileRef = 0D44A1652A8C699900AE7072 /* FavMovie.swift */; };
		0DAF427C2A6E132C00C4F164 /* RegisterViewController.swift in Sources */ = {isa = PBXBuildFile; fileRef = 0DAF427B2A6E132C00C4F164 /* RegisterViewController.swift */; };
		0DC162A42A637F0C007E2560 /* AppDelegate.swift in Sources */ = {isa = PBXBuildFile; fileRef = 0DC162A32A637F0C007E2560 /* AppDelegate.swift */; };
		0DC162A62A637F0C007E2560 /* SceneDelegate.swift in Sources */ = {isa = PBXBuildFile; fileRef = 0DC162A52A637F0C007E2560 /* SceneDelegate.swift */; };
		0DC162A82A637F0C007E2560 /* ViewController.swift in Sources */ = {isa = PBXBuildFile; fileRef = 0DC162A72A637F0C007E2560 /* ViewController.swift */; };
		0DC162AB2A637F0C007E2560 /* Main.storyboard in Resources */ = {isa = PBXBuildFile; fileRef = 0DC162A92A637F0C007E2560 /* Main.storyboard */; };
		0DC162AE2A637F0C007E2560 /* MovieMania.xcdatamodeld in Sources */ = {isa = PBXBuildFile; fileRef = 0DC162AC2A637F0C007E2560 /* MovieMania.xcdatamodeld */; };
		0DC162B02A637F0D007E2560 /* Assets.xcassets in Resources */ = {isa = PBXBuildFile; fileRef = 0DC162AF2A637F0D007E2560 /* Assets.xcassets */; };
		0DC162B32A637F0D007E2560 /* LaunchScreen.storyboard in Resources */ = {isa = PBXBuildFile; fileRef = 0DC162B12A637F0D007E2560 /* LaunchScreen.storyboard */; };
		503183302A896C300000AEB1 /* MovieTableViewCell.swift in Sources */ = {isa = PBXBuildFile; fileRef = 5031832E2A896C300000AEB1 /* MovieTableViewCell.swift */; };
		503183312A896C300000AEB1 /* MovieTableViewCell.xib in Resources */ = {isa = PBXBuildFile; fileRef = 5031832F2A896C300000AEB1 /* MovieTableViewCell.xib */; };
		503183332A8978780000AEB1 /* MovieTableViewController.swift in Sources */ = {isa = PBXBuildFile; fileRef = 503183322A8978780000AEB1 /* MovieTableViewController.swift */; };
		503183352A89A57B0000AEB1 /* Helper.swift in Sources */ = {isa = PBXBuildFile; fileRef = 503183342A89A57B0000AEB1 /* Helper.swift */; };
		509FA7EC2A8B2C1E006E2A64 /* ProfileViewController.swift in Sources */ = {isa = PBXBuildFile; fileRef = 509FA7EB2A8B2C1E006E2A64 /* ProfileViewController.swift */; };
		509FA7EE2A8B33C6006E2A64 /* TabViewController.swift in Sources */ = {isa = PBXBuildFile; fileRef = 509FA7ED2A8B33C6006E2A64 /* TabViewController.swift */; };
/* End PBXBuildFile section */

/* Begin PBXFileReference section */
		0D309A442A8AFF14006076F1 /* MovieMania_Helper.swift */ = {isa = PBXFileReference; lastKnownFileType = sourcecode.swift; path = MovieMania_Helper.swift; sourceTree = "<group>"; };
		0D309A462A8B092B006076F1 /* MovieModel.swift */ = {isa = PBXFileReference; lastKnownFileType = sourcecode.swift; path = MovieModel.swift; sourceTree = "<group>"; };
		0D44A1632A8C5E5C00AE7072 /* FavouritesTableViewController.swift */ = {isa = PBXFileReference; lastKnownFileType = sourcecode.swift; path = FavouritesTableViewController.swift; sourceTree = "<group>"; };
		0D44A1652A8C699900AE7072 /* FavMovie.swift */ = {isa = PBXFileReference; lastKnownFileType = sourcecode.swift; path = FavMovie.swift; sourceTree = "<group>"; };
		0DAF427B2A6E132C00C4F164 /* RegisterViewController.swift */ = {isa = PBXFileReference; lastKnownFileType = sourcecode.swift; path = RegisterViewController.swift; sourceTree = "<group>"; };
		0DC162A02A637F0C007E2560 /* MovieMania.app */ = {isa = PBXFileReference; explicitFileType = wrapper.application; includeInIndex = 0; path = MovieMania.app; sourceTree = BUILT_PRODUCTS_DIR; };
		0DC162A32A637F0C007E2560 /* AppDelegate.swift */ = {isa = PBXFileReference; lastKnownFileType = sourcecode.swift; path = AppDelegate.swift; sourceTree = "<group>"; };
		0DC162A52A637F0C007E2560 /* SceneDelegate.swift */ = {isa = PBXFileReference; lastKnownFileType = sourcecode.swift; path = SceneDelegate.swift; sourceTree = "<group>"; };
		0DC162A72A637F0C007E2560 /* ViewController.swift */ = {isa = PBXFileReference; lastKnownFileType = sourcecode.swift; path = ViewController.swift; sourceTree = "<group>"; };
		0DC162AA2A637F0C007E2560 /* Base */ = {isa = PBXFileReference; lastKnownFileType = file.storyboard; name = Base; path = Base.lproj/Main.storyboard; sourceTree = "<group>"; };
		0DC162AD2A637F0C007E2560 /* MovieMania.xcdatamodel */ = {isa = PBXFileReference; lastKnownFileType = wrapper.xcdatamodel; path = MovieMania.xcdatamodel; sourceTree = "<group>"; };
		0DC162AF2A637F0D007E2560 /* Assets.xcassets */ = {isa = PBXFileReference; lastKnownFileType = folder.assetcatalog; path = Assets.xcassets; sourceTree = "<group>"; };
		0DC162B22A637F0D007E2560 /* Base */ = {isa = PBXFileReference; lastKnownFileType = file.storyboard; name = Base; path = Base.lproj/LaunchScreen.storyboard; sourceTree = "<group>"; };
		0DC162B42A637F0D007E2560 /* Info.plist */ = {isa = PBXFileReference; lastKnownFileType = text.plist.xml; path = Info.plist; sourceTree = "<group>"; };
		5031832E2A896C300000AEB1 /* MovieTableViewCell.swift */ = {isa = PBXFileReference; lastKnownFileType = sourcecode.swift; path = MovieTableViewCell.swift; sourceTree = "<group>"; };
		5031832F2A896C300000AEB1 /* MovieTableViewCell.xib */ = {isa = PBXFileReference; lastKnownFileType = file.xib; path = MovieTableViewCell.xib; sourceTree = "<group>"; };
		503183322A8978780000AEB1 /* MovieTableViewController.swift */ = {isa = PBXFileReference; lastKnownFileType = sourcecode.swift; path = MovieTableViewController.swift; sourceTree = "<group>"; };
		503183342A89A57B0000AEB1 /* Helper.swift */ = {isa = PBXFileReference; lastKnownFileType = sourcecode.swift; path = Helper.swift; sourceTree = "<group>"; };
		509FA7EB2A8B2C1E006E2A64 /* ProfileViewController.swift */ = {isa = PBXFileReference; lastKnownFileType = sourcecode.swift; path = ProfileViewController.swift; sourceTree = "<group>"; };
		509FA7ED2A8B33C6006E2A64 /* TabViewController.swift */ = {isa = PBXFileReference; lastKnownFileType = sourcecode.swift; path = TabViewController.swift; sourceTree = "<group>"; };
/* End PBXFileReference section */

/* Begin PBXFrameworksBuildPhase section */
		0DC1629D2A637F0C007E2560 /* Frameworks */ = {
			isa = PBXFrameworksBuildPhase;
			buildActionMask = 2147483647;
			files = (
			);
			runOnlyForDeploymentPostprocessing = 0;
		};
/* End PBXFrameworksBuildPhase section */

/* Begin PBXGroup section */
		0DC162972A637F0C007E2560 = {
			isa = PBXGroup;
			children = (
				0DC162A22A637F0C007E2560 /* MovieMania */,
				0DC162A12A637F0C007E2560 /* Products */,
			);
			sourceTree = "<group>";
		};
		0DC162A12A637F0C007E2560 /* Products */ = {
			isa = PBXGroup;
			children = (
				0DC162A02A637F0C007E2560 /* MovieMania.app */,
			);
			name = Products;
			sourceTree = "<group>";
		};
		0DC162A22A637F0C007E2560 /* MovieMania */ = {
			isa = PBXGroup;
			children = (
				0DC162A32A637F0C007E2560 /* AppDelegate.swift */,
				0DC162A52A637F0C007E2560 /* SceneDelegate.swift */,
				0DC162A72A637F0C007E2560 /* ViewController.swift */,
				0DC162A92A637F0C007E2560 /* Main.storyboard */,
				0D44A1632A8C5E5C00AE7072 /* FavouritesTableViewController.swift */,
				0DC162AF2A637F0D007E2560 /* Assets.xcassets */,
				0DC162B12A637F0D007E2560 /* LaunchScreen.storyboard */,
				0DC162B42A637F0D007E2560 /* Info.plist */,
				0DC162AC2A637F0C007E2560 /* MovieMania.xcdatamodeld */,
				0DAF427B2A6E132C00C4F164 /* RegisterViewController.swift */,
				5031832E2A896C300000AEB1 /* MovieTableViewCell.swift */,
				0D44A1652A8C699900AE7072 /* FavMovie.swift */,
				5031832F2A896C300000AEB1 /* MovieTableViewCell.xib */,
				503183322A8978780000AEB1 /* MovieTableViewController.swift */,
				503183342A89A57B0000AEB1 /* Helper.swift */,
				509FA7EB2A8B2C1E006E2A64 /* ProfileViewController.swift */,
				509FA7ED2A8B33C6006E2A64 /* TabViewController.swift */,
				0D309A442A8AFF14006076F1 /* MovieMania_Helper.swift */,
				0D309A462A8B092B006076F1 /* MovieModel.swift */,
			);
			path = MovieMania;
			sourceTree = "<group>";
		};
/* End PBXGroup section */

/* Begin PBXNativeTarget section */
		0DC1629F2A637F0C007E2560 /* MovieMania */ = {
			isa = PBXNativeTarget;
			buildConfigurationList = 0DC162B72A637F0D007E2560 /* Build configuration list for PBXNativeTarget "MovieMania" */;
			buildPhases = (
				0DC1629C2A637F0C007E2560 /* Sources */,
				0DC1629D2A637F0C007E2560 /* Frameworks */,
				0DC1629E2A637F0C007E2560 /* Resources */,
			);
			buildRules = (
			);
			dependencies = (
			);
			name = MovieMania;
			productName = MovieMania;
			productReference = 0DC162A02A637F0C007E2560 /* MovieMania.app */;
			productType = "com.apple.product-type.application";
		};
/* End PBXNativeTarget section */

/* Begin PBXProject section */
		0DC162982A637F0C007E2560 /* Project object */ = {
			isa = PBXProject;
			attributes = {
				BuildIndependentTargetsInParallel = 1;
				LastSwiftUpdateCheck = 1420;
				LastUpgradeCheck = 1420;
				TargetAttributes = {
					0DC1629F2A637F0C007E2560 = {
						CreatedOnToolsVersion = 14.2;
					};
				};
			};
			buildConfigurationList = 0DC1629B2A637F0C007E2560 /* Build configuration list for PBXProject "MovieMania" */;
			compatibilityVersion = "Xcode 14.0";
			developmentRegion = en;
			hasScannedForEncodings = 0;
			knownRegions = (
				en,
				Base,
			);
			mainGroup = 0DC162972A637F0C007E2560;
			productRefGroup = 0DC162A12A637F0C007E2560 /* Products */;
			projectDirPath = "";
			projectRoot = "";
			targets = (
				0DC1629F2A637F0C007E2560 /* MovieMania */,
			);
		};
/* End PBXProject section */

/* Begin PBXResourcesBuildPhase section */
		0DC1629E2A637F0C007E2560 /* Resources */ = {
			isa = PBXResourcesBuildPhase;
			buildActionMask = 2147483647;
			files = (
				0DC162B32A637F0D007E2560 /* LaunchScreen.storyboard in Resources */,
				0DC162B02A637F0D007E2560 /* Assets.xcassets in Resources */,
				503183312A896C300000AEB1 /* MovieTableViewCell.xib in Resources */,
				0DC162AB2A637F0C007E2560 /* Main.storyboard in Resources */,
			);
			runOnlyForDeploymentPostprocessing = 0;
		};
/* End PBXResourcesBuildPhase section */

/* Begin PBXSourcesBuildPhase section */
		0DC1629C2A637F0C007E2560 /* Sources */ = {
			isa = PBXSourcesBuildPhase;
			buildActionMask = 2147483647;
			files = (
				0DC162A82A637F0C007E2560 /* ViewController.swift in Sources */,
				0DAF427C2A6E132C00C4F164 /* RegisterViewController.swift in Sources */,
				0D44A1662A8C699900AE7072 /* FavMovie.swift in Sources */,
				0D309A472A8B092B006076F1 /* MovieModel.swift in Sources */,
				503183302A896C300000AEB1 /* MovieTableViewCell.swift in Sources */,
				0DC162AE2A637F0C007E2560 /* MovieMania.xcdatamodeld in Sources */,
				0DC162A42A637F0C007E2560 /* AppDelegate.swift in Sources */,
				0DC162A62A637F0C007E2560 /* SceneDelegate.swift in Sources */,
				509FA7EC2A8B2C1E006E2A64 /* ProfileViewController.swift in Sources */,
				0D309A452A8AFF14006076F1 /* MovieMania_Helper.swift in Sources */,
				503183332A8978780000AEB1 /* MovieTableViewController.swift in Sources */,
				509FA7EE2A8B33C6006E2A64 /* TabViewController.swift in Sources */,
				503183352A89A57B0000AEB1 /* Helper.swift in Sources */,
				0D44A1642A8C5E5C00AE7072 /* FavouritesTableViewController.swift in Sources */,
			);
			runOnlyForDeploymentPostprocessing = 0;
		};
/* End PBXSourcesBuildPhase section */

/* Begin PBXVariantGroup section */
		0DC162A92A637F0C007E2560 /* Main.storyboard */ = {
			isa = PBXVariantGroup;
			children = (
				0DC162AA2A637F0C007E2560 /* Base */,
			);
			name = Main.storyboard;
			sourceTree = "<group>";
		};
		0DC162B12A637F0D007E2560 /* LaunchScreen.storyboard */ = {
			isa = PBXVariantGroup;
			children = (
				0DC162B22A637F0D007E2560 /* Base */,
			);
			name = LaunchScreen.storyboard;
			sourceTree = "<group>";
		};
/* End PBXVariantGroup section */

/* Begin XCBuildConfiguration section */
		0DC162B52A637F0D007E2560 /* Debug */ = {
			isa = XCBuildConfiguration;
			buildSettings = {
				ALWAYS_SEARCH_USER_PATHS = NO;
				CLANG_ANALYZER_NONNULL = YES;
				CLANG_ANALYZER_NUMBER_OBJECT_CONVERSION = YES_AGGRESSIVE;
				CLANG_CXX_LANGUAGE_STANDARD = "gnu++20";
				CLANG_ENABLE_MODULES = YES;
				CLANG_ENABLE_OBJC_ARC = YES;
				CLANG_ENABLE_OBJC_WEAK = YES;
				CLANG_WARN_BLOCK_CAPTURE_AUTORELEASING = YES;
				CLANG_WARN_BOOL_CONVERSION = YES;
				CLANG_WARN_COMMA = YES;
				CLANG_WARN_CONSTANT_CONVERSION = YES;
				CLANG_WARN_DEPRECATED_OBJC_IMPLEMENTATIONS = YES;
				CLANG_WARN_DIRECT_OBJC_ISA_USAGE = YES_ERROR;
				CLANG_WARN_DOCUMENTATION_COMMENTS = YES;
				CLANG_WARN_EMPTY_BODY = YES;
				CLANG_WARN_ENUM_CONVERSION = YES;
				CLANG_WARN_INFINITE_RECURSION = YES;
				CLANG_WARN_INT_CONVERSION = YES;
				CLANG_WARN_NON_LITERAL_NULL_CONVERSION = YES;
				CLANG_WARN_OBJC_IMPLICIT_RETAIN_SELF = YES;
				CLANG_WARN_OBJC_LITERAL_CONVERSION = YES;
				CLANG_WARN_OBJC_ROOT_CLASS = YES_ERROR;
				CLANG_WARN_QUOTED_INCLUDE_IN_FRAMEWORK_HEADER = YES;
				CLANG_WARN_RANGE_LOOP_ANALYSIS = YES;
				CLANG_WARN_STRICT_PROTOTYPES = YES;
				CLANG_WARN_SUSPICIOUS_MOVE = YES;
				CLANG_WARN_UNGUARDED_AVAILABILITY = YES_AGGRESSIVE;
				CLANG_WARN_UNREACHABLE_CODE = YES;
				CLANG_WARN__DUPLICATE_METHOD_MATCH = YES;
				COPY_PHASE_STRIP = NO;
				DEBUG_INFORMATION_FORMAT = dwarf;
				ENABLE_STRICT_OBJC_MSGSEND = YES;
				ENABLE_TESTABILITY = YES;
				GCC_C_LANGUAGE_STANDARD = gnu11;
				GCC_DYNAMIC_NO_PIC = NO;
				GCC_NO_COMMON_BLOCKS = YES;
				GCC_OPTIMIZATION_LEVEL = 0;
				GCC_PREPROCESSOR_DEFINITIONS = (
					"DEBUG=1",
					"$(inherited)",
				);
				GCC_WARN_64_TO_32_BIT_CONVERSION = YES;
				GCC_WARN_ABOUT_RETURN_TYPE = YES_ERROR;
				GCC_WARN_UNDECLARED_SELECTOR = YES;
				GCC_WARN_UNINITIALIZED_AUTOS = YES_AGGRESSIVE;
				GCC_WARN_UNUSED_FUNCTION = YES;
				GCC_WARN_UNUSED_VARIABLE = YES;
				IPHONEOS_DEPLOYMENT_TARGET = 16.2;
				MTL_ENABLE_DEBUG_INFO = INCLUDE_SOURCE;
				MTL_FAST_MATH = YES;
				ONLY_ACTIVE_ARCH = YES;
				SDKROOT = iphoneos;
				SWIFT_ACTIVE_COMPILATION_CONDITIONS = DEBUG;
				SWIFT_OPTIMIZATION_LEVEL = "-Onone";
			};
			name = Debug;
		};
		0DC162B62A637F0D007E2560 /* Release */ = {
			isa = XCBuildConfiguration;
			buildSettings = {
				ALWAYS_SEARCH_USER_PATHS = NO;
				CLANG_ANALYZER_NONNULL = YES;
				CLANG_ANALYZER_NUMBER_OBJECT_CONVERSION = YES_AGGRESSIVE;
				CLANG_CXX_LANGUAGE_STANDARD = "gnu++20";
				CLANG_ENABLE_MODULES = YES;
				CLANG_ENABLE_OBJC_ARC = YES;
				CLANG_ENABLE_OBJC_WEAK = YES;
				CLANG_WARN_BLOCK_CAPTURE_AUTORELEASING = YES;
				CLANG_WARN_BOOL_CONVERSION = YES;
				CLANG_WARN_COMMA = YES;
				CLANG_WARN_CONSTANT_CONVERSION = YES;
				CLANG_WARN_DEPRECATED_OBJC_IMPLEMENTATIONS = YES;
				CLANG_WARN_DIRECT_OBJC_ISA_USAGE = YES_ERROR;
				CLANG_WARN_DOCUMENTATION_COMMENTS = YES;
				CLANG_WARN_EMPTY_BODY = YES;
				CLANG_WARN_ENUM_CONVERSION = YES;
				CLANG_WARN_INFINITE_RECURSION = YES;
				CLANG_WARN_INT_CONVERSION = YES;
				CLANG_WARN_NON_LITERAL_NULL_CONVERSION = YES;
				CLANG_WARN_OBJC_IMPLICIT_RETAIN_SELF = YES;
				CLANG_WARN_OBJC_LITERAL_CONVERSION = YES;
				CLANG_WARN_OBJC_ROOT_CLASS = YES_ERROR;
				CLANG_WARN_QUOTED_INCLUDE_IN_FRAMEWORK_HEADER = YES;
				CLANG_WARN_RANGE_LOOP_ANALYSIS = YES;
				CLANG_WARN_STRICT_PROTOTYPES = YES;
				CLANG_WARN_SUSPICIOUS_MOVE = YES;
				CLANG_WARN_UNGUARDED_AVAILABILITY = YES_AGGRESSIVE;
				CLANG_WARN_UNREACHABLE_CODE = YES;
				CLANG_WARN__DUPLICATE_METHOD_MATCH = YES;
				COPY_PHASE_STRIP = NO;
				DEBUG_INFORMATION_FORMAT = "dwarf-with-dsym";
				ENABLE_NS_ASSERTIONS = NO;
				ENABLE_STRICT_OBJC_MSGSEND = YES;
				GCC_C_LANGUAGE_STANDARD = gnu11;
				GCC_NO_COMMON_BLOCKS = YES;
				GCC_WARN_64_TO_32_BIT_CONVERSION = YES;
				GCC_WARN_ABOUT_RETURN_TYPE = YES_ERROR;
				GCC_WARN_UNDECLARED_SELECTOR = YES;
				GCC_WARN_UNINITIALIZED_AUTOS = YES_AGGRESSIVE;
				GCC_WARN_UNUSED_FUNCTION = YES;
				GCC_WARN_UNUSED_VARIABLE = YES;
				IPHONEOS_DEPLOYMENT_TARGET = 16.2;
				MTL_ENABLE_DEBUG_INFO = NO;
				MTL_FAST_MATH = YES;
				SDKROOT = iphoneos;
				SWIFT_COMPILATION_MODE = wholemodule;
				SWIFT_OPTIMIZATION_LEVEL = "-O";
				VALIDATE_PRODUCT = YES;
			};
			name = Release;
		};
		0DC162B82A637F0D007E2560 /* Debug */ = {
			isa = XCBuildConfiguration;
			buildSettings = {
				ASSETCATALOG_COMPILER_APPICON_NAME = AppIcon;
				ASSETCATALOG_COMPILER_GLOBAL_ACCENT_COLOR_NAME = AccentColor;
				CODE_SIGN_STYLE = Automatic;
				CURRENT_PROJECT_VERSION = 1;
				DEVELOPMENT_TEAM = J7XRQPG686;
				GENERATE_INFOPLIST_FILE = YES;
				INFOPLIST_FILE = MovieMania/Info.plist;
				INFOPLIST_KEY_UIApplicationSupportsIndirectInputEvents = YES;
				INFOPLIST_KEY_UILaunchStoryboardName = LaunchScreen;
				INFOPLIST_KEY_UIMainStoryboardFile = Main;
				INFOPLIST_KEY_UISupportedInterfaceOrientations_iPad = "UIInterfaceOrientationPortrait UIInterfaceOrientationPortraitUpsideDown UIInterfaceOrientationLandscapeLeft UIInterfaceOrientationLandscapeRight";
				INFOPLIST_KEY_UISupportedInterfaceOrientations_iPhone = "UIInterfaceOrientationPortrait UIInterfaceOrientationLandscapeLeft UIInterfaceOrientationLandscapeRight";
				LD_RUNPATH_SEARCH_PATHS = (
					"$(inherited)",
					"@executable_path/Frameworks",
				);
				MARKETING_VERSION = 1.0;
				PRODUCT_BUNDLE_IDENTIFIER = cambrian.MovieMania;
				PRODUCT_NAME = "$(TARGET_NAME)";
				SWIFT_EMIT_LOC_STRINGS = YES;
				SWIFT_VERSION = 5.0;
				TARGETED_DEVICE_FAMILY = "1,2";
			};
			name = Debug;
		};
		0DC162B92A637F0D007E2560 /* Release */ = {
			isa = XCBuildConfiguration;
			buildSettings = {
				ASSETCATALOG_COMPILER_APPICON_NAME = AppIcon;
				ASSETCATALOG_COMPILER_GLOBAL_ACCENT_COLOR_NAME = AccentColor;
				CODE_SIGN_STYLE = Automatic;
				CURRENT_PROJECT_VERSION = 1;
				DEVELOPMENT_TEAM = J7XRQPG686;
				GENERATE_INFOPLIST_FILE = YES;
				INFOPLIST_FILE = MovieMania/Info.plist;
				INFOPLIST_KEY_UIApplicationSupportsIndirectInputEvents = YES;
				INFOPLIST_KEY_UILaunchStoryboardName = LaunchScreen;
				INFOPLIST_KEY_UIMainStoryboardFile = Main;
				INFOPLIST_KEY_UISupportedInterfaceOrientations_iPad = "UIInterfaceOrientationPortrait UIInterfaceOrientationPortraitUpsideDown UIInterfaceOrientationLandscapeLeft UIInterfaceOrientationLandscapeRight";
				INFOPLIST_KEY_UISupportedInterfaceOrientations_iPhone = "UIInterfaceOrientationPortrait UIInterfaceOrientationLandscapeLeft UIInterfaceOrientationLandscapeRight";
				LD_RUNPATH_SEARCH_PATHS = (
					"$(inherited)",
					"@executable_path/Frameworks",
				);
				MARKETING_VERSION = 1.0;
				PRODUCT_BUNDLE_IDENTIFIER = cambrian.MovieMania;
				PRODUCT_NAME = "$(TARGET_NAME)";
				SWIFT_EMIT_LOC_STRINGS = YES;
				SWIFT_VERSION = 5.0;
				TARGETED_DEVICE_FAMILY = "1,2";
			};
			name = Release;
		};
/* End XCBuildConfiguration section */

/* Begin XCConfigurationList section */
		0DC1629B2A637F0C007E2560 /* Build configuration list for PBXProject "MovieMania" */ = {
			isa = XCConfigurationList;
			buildConfigurations = (
				0DC162B52A637F0D007E2560 /* Debug */,
				0DC162B62A637F0D007E2560 /* Release */,
			);
			defaultConfigurationIsVisible = 0;
			defaultConfigurationName = Release;
		};
		0DC162B72A637F0D007E2560 /* Build configuration list for PBXNativeTarget "MovieMania" */ = {
			isa = XCConfigurationList;
			buildConfigurations = (
				0DC162B82A637F0D007E2560 /* Debug */,
				0DC162B92A637F0D007E2560 /* Release */,
			);
			defaultConfigurationIsVisible = 0;
			defaultConfigurationName = Release;
		};
/* End XCConfigurationList section */

/* Begin XCVersionGroup section */
		0DC162AC2A637F0C007E2560 /* MovieMania.xcdatamodeld */ = {
			isa = XCVersionGroup;
			children = (
				0DC162AD2A637F0C007E2560 /* MovieMania.xcdatamodel */,
			);
			currentVersion = 0DC162AD2A637F0C007E2560 /* MovieMania.xcdatamodel */;
			path = MovieMania.xcdatamodeld;
			sourceTree = "<group>";
			versionGroupType = wrapper.xcdatamodel;
		};
/* End XCVersionGroup section */
	};
	rootObject = 0DC162982A637F0C007E2560 /* Project object */;
}
